
Microsoft Visual Studio Solution File, Format Version 12.00
# Visual Studio 15
VisualStudioVersion = 15.0.28307.271
MinimumVisualStudioVersion = 10.0.40219.1
Project("{FAE04EC0-301F-11D3-BF4B-00C04F79EFBC}") = "PwnedPasswordChecker", "PwnedPasswordChecker\PwnedPasswordChecker.csproj", "{16171E9E-3B5A-4BA2-9B63-4A3AF24C3AA7}"
EndProject
Project("{FAE04EC0-301F-11D3-BF4B-00C04F79EFBC}") = "PwnedPasswordChecker.Test", "PwnedPasswordChecker.Test\PwnedPasswordChecker.Test.csproj", "{249C8738-B7A5-4983-8A57-2ADE7EE84006}"
EndProject
Global
	GlobalSection(SolutionConfigurationPlatforms) = preSolution
		Debug|Any CPU = Debug|Any CPU
		Release|Any CPU = Release|Any CPU
	EndGlobalSection
	GlobalSection(ProjectConfigurationPlatforms) = postSolution
		{16171E9E-3B5A-4BA2-9B63-4A3AF24C3AA7}.Debug|Any CPU.ActiveCfg = Debug|Any CPU
		{16171E9E-3B5A-4BA2-9B63-4A3AF24C3AA7}.Debug|Any CPU.Build.0 = Debug|Any CPU
		{16171E9E-3B5A-4BA2-9B63-4A3AF24C3AA7}.Release|Any CPU.ActiveCfg = Release|Any CPU
		{16171E9E-3B5A-4BA2-9B63-4A3AF24C3AA7}.Release|Any CPU.Build.0 = Release|Any CPU
		{249C8738-B7A5-4983-8A57-2ADE7EE84006}.Debug|Any CPU.ActiveCfg = Debug|Any CPU
		{249C8738-B7A5-4983-8A57-2ADE7EE84006}.Debug|Any CPU.Build.0 = Debug|Any CPU
		{249C8738-B7A5-4983-8A57-2ADE7EE84006}.Release|Any CPU.ActiveCfg = Release|Any CPU
		{249C8738-B7A5-4983-8A57-2ADE7EE84006}.Release|Any CPU.Build.0 = Release|Any CPU
	EndGlobalSection
	GlobalSection(SolutionProperties) = preSolution
		HideSolutionNode = FALSE
	EndGlobalSection
	GlobalSection(ExtensibilityGlobals) = postSolution
		SolutionGuid = {5272CB3D-5EC4-4969-B546-1021678C779B}
	EndGlobalSection
EndGlobal
